
Microsoft Visual Studio Solution File, Format Version 12.00
# Visual Studio Version 16
VisualStudioVersion = 16.0.29215.179
MinimumVisualStudioVersion = 10.0.40219.1
Project("{9A19103F-16F7-4668-BE54-9A1E7A4F7556}") = "Arçelik", "Arçelik\Arçelik.csproj", "{481AB227-0831-4D28-A1A8-2AC3DEF4A083}"
EndProject
Project("{FAE04EC0-301F-11D3-BF4B-00C04F79EFBC}") = "DAL", "DAL\DAL.csproj", "{DDEE541C-35B8-48C0-BC64-B3285568A879}"
EndProject
Global
	GlobalSection(SolutionConfigurationPlatforms) = preSolution
		Debug|Any CPU = Debug|Any CPU
		Release|Any CPU = Release|Any CPU
	EndGlobalSection
	GlobalSection(ProjectConfigurationPlatforms) = postSolution
		{481AB227-0831-4D28-A1A8-2AC3DEF4A083}.Debug|Any CPU.ActiveCfg = Debug|Any CPU
		{481AB227-0831-4D28-A1A8-2AC3DEF4A083}.Debug|Any CPU.Build.0 = Debug|Any CPU
		{481AB227-0831-4D28-A1A8-2AC3DEF4A083}.Release|Any CPU.ActiveCfg = Release|Any CPU
		{481AB227-0831-4D28-A1A8-2AC3DEF4A083}.Release|Any CPU.Build.0 = Release|Any CPU
		{DDEE541C-35B8-48C0-BC64-B3285568A879}.Debug|Any CPU.ActiveCfg = Debug|Any CPU
		{DDEE541C-35B8-48C0-BC64-B3285568A879}.Debug|Any CPU.Build.0 = Debug|Any CPU
		{DDEE541C-35B8-48C0-BC64-B3285568A879}.Release|Any CPU.ActiveCfg = Release|Any CPU
		{DDEE541C-35B8-48C0-BC64-B3285568A879}.Release|Any CPU.Build.0 = Release|Any CPU
	EndGlobalSection
	GlobalSection(SolutionProperties) = preSolution
		HideSolutionNode = FALSE
	EndGlobalSection
	GlobalSection(ExtensibilityGlobals) = postSolution
		SolutionGuid = {62A2706A-8646-4997-80EB-55279B529935}
	EndGlobalSection
EndGlobal
