
Microsoft Visual Studio Solution File, Format Version 12.00
# Visual Studio Version 16
VisualStudioVersion = 16.0.29215.179
MinimumVisualStudioVersion = 10.0.40219.1
Project("{E24C65DC-7377-472B-9ABA-BC803B73C61A}") = "wcfserviceexample", "wcfserviceexample\", "{5BD81DE0-579A-4AAD-A89D-75D52B571DCA}"
	ProjectSection(WebsiteProperties) = preProject
		TargetFrameworkMoniker = ".NETFramework,Version%3Dv4.7.2"
		Debug.AspNetCompiler.VirtualPath = "/localhost_49555"
		Debug.AspNetCompiler.PhysicalPath = "wcfserviceexample\"
		Debug.AspNetCompiler.TargetPath = "PrecompiledWeb\localhost_49555\"
		Debug.AspNetCompiler.Updateable = "true"
		Debug.AspNetCompiler.ForceOverwrite = "true"
		Debug.AspNetCompiler.FixedNames = "false"
		Debug.AspNetCompiler.Debug = "True"
		Release.AspNetCompiler.VirtualPath = "/localhost_49555"
		Release.AspNetCompiler.PhysicalPath = "wcfserviceexample\"
		Release.AspNetCompiler.TargetPath = "PrecompiledWeb\localhost_49555\"
		Release.AspNetCompiler.Updateable = "true"
		Release.AspNetCompiler.ForceOverwrite = "true"
		Release.AspNetCompiler.FixedNames = "false"
		Release.AspNetCompiler.Debug = "False"
		VWDPort = "49555"
		SlnRelativePath = "wcfserviceexample\"
		DefaultWebSiteLanguage = "Visual C#"
	EndProjectSection
EndProject
Global
	GlobalSection(SolutionConfigurationPlatforms) = preSolution
		Debug|Any CPU = Debug|Any CPU
	EndGlobalSection
	GlobalSection(ProjectConfigurationPlatforms) = postSolution
		{5BD81DE0-579A-4AAD-A89D-75D52B571DCA}.Debug|Any CPU.ActiveCfg = Debug|Any CPU
		{5BD81DE0-579A-4AAD-A89D-75D52B571DCA}.Debug|Any CPU.Build.0 = Debug|Any CPU
	EndGlobalSection
	GlobalSection(SolutionProperties) = preSolution
		HideSolutionNode = FALSE
	EndGlobalSection
	GlobalSection(ExtensibilityGlobals) = postSolution
		SolutionGuid = {34C7BB8C-C002-4359-8529-8075E2644E55}
	EndGlobalSection
EndGlobal
